
Microsoft Visual Studio Solution File, Format Version 12.00
# Visual Studio Version 17
VisualStudioVersion = 17.5.33530.505
MinimumVisualStudioVersion = 10.0.40219.1
Project("{FAE04EC0-301F-11D3-BF4B-00C04F79EFBC}") = "ООО«Спортивные товары»", "ООО«Спортивные товары»\ООО«Спортивные товары».csproj", "{BC3164F3-3E05-49D0-BABA-73937EB4A60C}"
EndProject
Global
	GlobalSection(SolutionConfigurationPlatforms) = preSolution
		Debug|Any CPU = Debug|Any CPU
		Release|Any CPU = Release|Any CPU
	EndGlobalSection
	GlobalSection(ProjectConfigurationPlatforms) = postSolution
		{BC3164F3-3E05-49D0-BABA-73937EB4A60C}.Debug|Any CPU.ActiveCfg = Debug|Any CPU
		{BC3164F3-3E05-49D0-BABA-73937EB4A60C}.Debug|Any CPU.Build.0 = Debug|Any CPU
		{BC3164F3-3E05-49D0-BABA-73937EB4A60C}.Release|Any CPU.ActiveCfg = Release|Any CPU
		{BC3164F3-3E05-49D0-BABA-73937EB4A60C}.Release|Any CPU.Build.0 = Release|Any CPU
	EndGlobalSection
	GlobalSection(SolutionProperties) = preSolution
		HideSolutionNode = FALSE
	EndGlobalSection
	GlobalSection(ExtensibilityGlobals) = postSolution
		SolutionGuid = {7D0D0ADF-4152-47F7-BDDB-4622B1DAABAB}
	EndGlobalSection
EndGlobal
